github.com/lib/pq v1.10.9 h1:YXG7RB+JIjhP29X+OtkiDnYaXQwpS4JEWq7dtCCRUEw=
github.com/lib/pq v1.10.9/go.mod h1:AlVN5x4E4T544tWzH6hKfbfQvm3HdbOxrmggDNAPY9o=
github.com/tinywasm/fmt v0.18.5 h1:Tz2wsGieLbXBZgdPCUJEszdLaxKfWoNN+29YTZRXOHc=
github.com/tinywasm/fmt v0.18.5/go.mod h1:L2GCAi6asgytPV6TVvGrRq5Ml+DkUt1Ijo5i/2J1jOY=
github.com/tinywasm/orm v0.0.13 h1:ZzfUPbiRdJZYLF6qG0TEM81SqztKHvmryZMrCm4Iddw=
github.com/tinywasm/orm v0.0.13/go.mod h1:qFyB/t+maZPwXq65FysOoo4QrjDh68nCWy90lh0a5KM=
github.com/tinywasm/orm v0.1.0 h1:DVy+m0eJUCv2om804ockveO53aWfy7fONr4DhuxByQc=
github.com/tinywasm/orm v0.1.0/go.mod h1:qFyB/t+maZPwXq65FysOoo4QrjDh68nCWy90lh0a5KM=
