github.com/cdvelop/dbtools v0.0.5 h1:6apNab4sSue6Xt2auPWUEDGgGVsR9W7/thtL0G9Yd1c=
github.com/cdvelop/dbtools v0.0.5/go.mod h1:rxAyISVItNkARXbifIsUraYxzdNPwa2Gq5U7EOS8Dy4=
github.com/cdvelop/input v0.0.3 h1:W5dIZI/nfvd/+CuO1/Zb388eX/X9n+z1L/Ir4uyVWeQ=
github.com/cdvelop/input v0.0.3/go.mod h1:PB3ZnLyU6oCu8ft14apMeBHNFfiwdrAQsoSB3NB/qPM=
github.com/cdvelop/model v0.0.22 h1:PvoVVZlMi8oHrp7pcDcnmi1hTkhWu+EaeSqBF+YFBB4=
github.com/cdvelop/model v0.0.22/go.mod h1:Z68GbCq8aw1vGIGMfsXoIWd9IyXOg0NW5+f0gRvlc7o=
github.com/cdvelop/objectdb v0.0.3 h1:WN+0pzowt/jF41oIBn+XMasqfgSFFDQJy6MCup7DT3U=
github.com/cdvelop/objectdb v0.0.3/go.mod h1:Yy4TwjL2+mFXpUKU4fmqSy5vGn378j8djhtymmd3evs=
github.com/lib/pq v1.10.9 h1:YXG7RB+JIjhP29X+OtkiDnYaXQwpS4JEWq7dtCCRUEw=
github.com/lib/pq v1.10.9/go.mod h1:AlVN5x4E4T544tWzH6hKfbfQvm3HdbOxrmggDNAPY9o=
golang.org/x/text v0.9.0 h1:2sjJmO8cDvYveuX97RDLsxlyUxLl+GHoLxBiRdHllBE=
golang.org/x/text v0.9.0/go.mod h1:e1OnstbJyHTd6l/uOt8jFFHp6TRDWZR/bV3emEE/zU8=
